// !$*UTF8*$!
{
	archiveVersion = 1;
	classes = {
	};
	objectVersion = 55;
	objects = {

/* Begin PBXBuildFile section */
		1BB5B1F9E35249EA8C7427D8 /* Pods_Shortys.framework in Frameworks */ = {isa = PBXBuildFile; fileRef = 5474623F97E4585A51104E1D /* Pods_Shortys.framework */; };
		CEAF63A22773627200CFF462 /* ShortysApp.swift in Sources */ = {isa = PBXBuildFile; fileRef = CEAF63A12773627200CFF462 /* ShortysApp.swift */; };
		CEAF63A42773627200CFF462 /* ContentView.swift in Sources */ = {isa = PBXBuildFile; fileRef = CEAF63A32773627200CFF462 /* ContentView.swift */; };
		CEAF63A62773627600CFF462 /* Assets.xcassets in Resources */ = {isa = PBXBuildFile; fileRef = CEAF63A52773627600CFF462 /* Assets.xcassets */; };
		CEAF63A92773627600CFF462 /* Preview Assets.xcassets in Resources */ = {isa = PBXBuildFile; fileRef = CEAF63A82773627600CFF462 /* Preview Assets.xcassets */; };
		CEAF63B22773B02100CFF462 /* BaseAPI.swift in Sources */ = {isa = PBXBuildFile; fileRef = CEAF63B12773B02100CFF462 /* BaseAPI.swift */; };
		CEAF63B42773B05A00CFF462 /* NetworkLayerProtocol.swift in Sources */ = {isa = PBXBuildFile; fileRef = CEAF63B32773B05A00CFF462 /* NetworkLayerProtocol.swift */; };
		CEAF63B72773B11200CFF462 /* ErrorResponse.swift in Sources */ = {isa = PBXBuildFile; fileRef = CEAF63B62773B11200CFF462 /* ErrorResponse.swift */; };
		CEAF63BA2773B1D100CFF462 /* NetworkConstants.swift in Sources */ = {isa = PBXBuildFile; fileRef = CEAF63B92773B1D100CFF462 /* NetworkConstants.swift */; };
		CEAF63BC2773B1E000CFF462 /* Endpoint.swift in Sources */ = {isa = PBXBuildFile; fileRef = CEAF63BB2773B1E000CFF462 /* Endpoint.swift */; };
		CEAF63BE2773B27C00CFF462 /* NetworkLayer.swift in Sources */ = {isa = PBXBuildFile; fileRef = CEAF63BD2773B27C00CFF462 /* NetworkLayer.swift */; };
		CEAF63C02773B82100CFF462 /* AuthType.swift in Sources */ = {isa = PBXBuildFile; fileRef = CEAF63BF2773B82100CFF462 /* AuthType.swift */; };
		CEAF63C32773BEFA00CFF462 /* NetworkManager.swift in Sources */ = {isa = PBXBuildFile; fileRef = CEAF63C22773BEFA00CFF462 /* NetworkManager.swift */; };
		CEAF63C52773C0C800CFF462 /* ShorterLinkResponse.swift in Sources */ = {isa = PBXBuildFile; fileRef = CEAF63C42773C0C800CFF462 /* ShorterLinkResponse.swift */; };
/* End PBXBuildFile section */

/* Begin PBXFileReference section */
		3A37096092822614EB5C00BC /* Pods-Shortys.debug.xcconfig */ = {isa = PBXFileReference; includeInIndex = 1; lastKnownFileType = text.xcconfig; name = "Pods-Shortys.debug.xcconfig"; path = "Target Support Files/Pods-Shortys/Pods-Shortys.debug.xcconfig"; sourceTree = "<group>"; };
		5474623F97E4585A51104E1D /* Pods_Shortys.framework */ = {isa = PBXFileReference; explicitFileType = wrapper.framework; includeInIndex = 0; path = Pods_Shortys.framework; sourceTree = BUILT_PRODUCTS_DIR; };
		CE9BE5BA2773C93E005C7769 /* Info.plist */ = {isa = PBXFileReference; lastKnownFileType = text.plist; path = Info.plist; sourceTree = "<group>"; };
		CEAF639E2773627200CFF462 /* Shortys.app */ = {isa = PBXFileReference; explicitFileType = wrapper.application; includeInIndex = 0; path = Shortys.app; sourceTree = BUILT_PRODUCTS_DIR; };
		CEAF63A12773627200CFF462 /* ShortysApp.swift */ = {isa = PBXFileReference; lastKnownFileType = sourcecode.swift; path = ShortysApp.swift; sourceTree = "<group>"; };
		CEAF63A32773627200CFF462 /* ContentView.swift */ = {isa = PBXFileReference; lastKnownFileType = sourcecode.swift; path = ContentView.swift; sourceTree = "<group>"; };
		CEAF63A52773627600CFF462 /* Assets.xcassets */ = {isa = PBXFileReference; lastKnownFileType = folder.assetcatalog; path = Assets.xcassets; sourceTree = "<group>"; };
		CEAF63A82773627600CFF462 /* Preview Assets.xcassets */ = {isa = PBXFileReference; lastKnownFileType = folder.assetcatalog; path = "Preview Assets.xcassets"; sourceTree = "<group>"; };
		CEAF63B12773B02100CFF462 /* BaseAPI.swift */ = {isa = PBXFileReference; lastKnownFileType = sourcecode.swift; path = BaseAPI.swift; sourceTree = "<group>"; };
		CEAF63B32773B05A00CFF462 /* NetworkLayerProtocol.swift */ = {isa = PBXFileReference; lastKnownFileType = sourcecode.swift; path = NetworkLayerProtocol.swift; sourceTree = "<group>"; };
		CEAF63B62773B11200CFF462 /* ErrorResponse.swift */ = {isa = PBXFileReference; lastKnownFileType = sourcecode.swift; path = ErrorResponse.swift; sourceTree = "<group>"; };
		CEAF63B92773B1D100CFF462 /* NetworkConstants.swift */ = {isa = PBXFileReference; lastKnownFileType = sourcecode.swift; path = NetworkConstants.swift; sourceTree = "<group>"; };
		CEAF63BB2773B1E000CFF462 /* Endpoint.swift */ = {isa = PBXFileReference; lastKnownFileType = sourcecode.swift; path = Endpoint.swift; sourceTree = "<group>"; };
		CEAF63BD2773B27C00CFF462 /* NetworkLayer.swift */ = {isa = PBXFileReference; lastKnownFileType = sourcecode.swift; path = NetworkLayer.swift; sourceTree = "<group>"; };
		CEAF63BF2773B82100CFF462 /* AuthType.swift */ = {isa = PBXFileReference; lastKnownFileType = sourcecode.swift; path = AuthType.swift; sourceTree = "<group>"; };
		CEAF63C22773BEFA00CFF462 /* NetworkManager.swift */ = {isa = PBXFileReference; lastKnownFileType = sourcecode.swift; path = NetworkManager.swift; sourceTree = "<group>"; };
		CEAF63C42773C0C800CFF462 /* ShorterLinkResponse.swift */ = {isa = PBXFileReference; lastKnownFileType = sourcecode.swift; path = ShorterLinkResponse.swift; sourceTree = "<group>"; };
		E81B4D4D41270B6F7A14A9CD /* Pods-Shortys.release.xcconfig */ = {isa = PBXFileReference; includeInIndex = 1; lastKnownFileType = text.xcconfig; name = "Pods-Shortys.release.xcconfig"; path = "Target Support Files/Pods-Shortys/Pods-Shortys.release.xcconfig"; sourceTree = "<group>"; };
/* End PBXFileReference section */

/* Begin PBXFrameworksBuildPhase section */
		CEAF639B2773627200CFF462 /* Frameworks */ = {
			isa = PBXFrameworksBuildPhase;
			buildActionMask = 2147483647;
			files = (
				1BB5B1F9E35249EA8C7427D8 /* Pods_Shortys.framework in Frameworks */,
			);
			runOnlyForDeploymentPostprocessing = 0;
		};
/* End PBXFrameworksBuildPhase section */

/* Begin PBXGroup section */
		1E8A63F3ACD0CD5C6827F86B /* Frameworks */ = {
			isa = PBXGroup;
			children = (
				5474623F97E4585A51104E1D /* Pods_Shortys.framework */,
			);
			name = Frameworks;
			sourceTree = "<group>";
		};
		CEAF63952773627200CFF462 = {
			isa = PBXGroup;
			children = (
				CEAF63A02773627200CFF462 /* Shortys */,
				CEAF639F2773627200CFF462 /* Products */,
				FB9E51295D75C91AECF4F012 /* Pods */,
				1E8A63F3ACD0CD5C6827F86B /* Frameworks */,
			);
			sourceTree = "<group>";
		};
		CEAF639F2773627200CFF462 /* Products */ = {
			isa = PBXGroup;
			children = (
				CEAF639E2773627200CFF462 /* Shortys.app */,
			);
			name = Products;
			sourceTree = "<group>";
		};
		CEAF63A02773627200CFF462 /* Shortys */ = {
			isa = PBXGroup;
			children = (
				CE9BE5BA2773C93E005C7769 /* Info.plist */,
				CEAF63B52773B0FE00CFF462 /* Models */,
				CEAF63AF2773AE7800CFF462 /* Networking */,
				CEAF63C12773BECF00CFF462 /* NetworkManager */,
				CEAF63A12773627200CFF462 /* ShortysApp.swift */,
				CEAF63A32773627200CFF462 /* ContentView.swift */,
				CEAF63A52773627600CFF462 /* Assets.xcassets */,
				CEAF63A72773627600CFF462 /* Preview Content */,
			);
			path = Shortys;
			sourceTree = "<group>";
		};
		CEAF63A72773627600CFF462 /* Preview Content */ = {
			isa = PBXGroup;
			children = (
				CEAF63A82773627600CFF462 /* Preview Assets.xcassets */,
			);
			path = "Preview Content";
			sourceTree = "<group>";
		};
		CEAF63AF2773AE7800CFF462 /* Networking */ = {
			isa = PBXGroup;
			children = (
				CEAF63B02773AFDE00CFF462 /* Protocols */,
				CEAF63B92773B1D100CFF462 /* NetworkConstants.swift */,
				CEAF63BF2773B82100CFF462 /* AuthType.swift */,
				CEAF63BB2773B1E000CFF462 /* Endpoint.swift */,
				CEAF63BD2773B27C00CFF462 /* NetworkLayer.swift */,
			);
			path = Networking;
			sourceTree = "<group>";
		};
		CEAF63B02773AFDE00CFF462 /* Protocols */ = {
			isa = PBXGroup;
			children = (
				CEAF63B12773B02100CFF462 /* BaseAPI.swift */,
				CEAF63B32773B05A00CFF462 /* NetworkLayerProtocol.swift */,
			);
			path = Protocols;
			sourceTree = "<group>";
		};
		CEAF63B52773B0FE00CFF462 /* Models */ = {
			isa = PBXGroup;
			children = (
				CEAF63B62773B11200CFF462 /* ErrorResponse.swift */,
				CEAF63C42773C0C800CFF462 /* ShorterLinkResponse.swift */,
			);
			path = Models;
			sourceTree = "<group>";
		};
		CEAF63C12773BECF00CFF462 /* NetworkManager */ = {
			isa = PBXGroup;
			children = (
				CEAF63C22773BEFA00CFF462 /* NetworkManager.swift */,
			);
			path = NetworkManager;
			sourceTree = "<group>";
		};
		FB9E51295D75C91AECF4F012 /* Pods */ = {
			isa = PBXGroup;
			children = (
				3A37096092822614EB5C00BC /* Pods-Shortys.debug.xcconfig */,
				E81B4D4D41270B6F7A14A9CD /* Pods-Shortys.release.xcconfig */,
			);
			path = Pods;
			sourceTree = "<group>";
		};
/* End PBXGroup section */

/* Begin PBXNativeTarget section */
		CEAF639D2773627200CFF462 /* Shortys */ = {
			isa = PBXNativeTarget;
			buildConfigurationList = CEAF63AC2773627600CFF462 /* Build configuration list for PBXNativeTarget "Shortys" */;
			buildPhases = (
				26FAC1F5264C11C0ED8DD915 /* [CP] Check Pods Manifest.lock */,
				CEAF639A2773627200CFF462 /* Sources */,
				CEAF639B2773627200CFF462 /* Frameworks */,
				CEAF639C2773627200CFF462 /* Resources */,
				F9AFD91192BCD222CCDF95B5 /* [CP] Embed Pods Frameworks */,
			);
			buildRules = (
			);
			dependencies = (
			);
			name = Shortys;
			productName = Shortys;
			productReference = CEAF639E2773627200CFF462 /* Shortys.app */;
			productType = "com.apple.product-type.application";
		};
/* End PBXNativeTarget section */

/* Begin PBXProject section */
		CEAF63962773627200CFF462 /* Project object */ = {
			isa = PBXProject;
			attributes = {
				BuildIndependentTargetsInParallel = 1;
				LastSwiftUpdateCheck = 1300;
				LastUpgradeCheck = 1300;
				TargetAttributes = {
					CEAF639D2773627200CFF462 = {
						CreatedOnToolsVersion = 13.0;
					};
				};
			};
			buildConfigurationList = CEAF63992773627200CFF462 /* Build configuration list for PBXProject "Shortys" */;
			compatibilityVersion = "Xcode 13.0";
			developmentRegion = en;
			hasScannedForEncodings = 0;
			knownRegions = (
				en,
				Base,
			);
			mainGroup = CEAF63952773627200CFF462;
			productRefGroup = CEAF639F2773627200CFF462 /* Products */;
			projectDirPath = "";
			projectRoot = "";
			targets = (
				CEAF639D2773627200CFF462 /* Shortys */,
			);
		};
/* End PBXProject section */

/* Begin PBXResourcesBuildPhase section */
		CEAF639C2773627200CFF462 /* Resources */ = {
			isa = PBXResourcesBuildPhase;
			buildActionMask = 2147483647;
			files = (
				CEAF63A92773627600CFF462 /* Preview Assets.xcassets in Resources */,
				CEAF63A62773627600CFF462 /* Assets.xcassets in Resources */,
			);
			runOnlyForDeploymentPostprocessing = 0;
		};
/* End PBXResourcesBuildPhase section */

/* Begin PBXShellScriptBuildPhase section */
		26FAC1F5264C11C0ED8DD915 /* [CP] Check Pods Manifest.lock */ = {
			isa = PBXShellScriptBuildPhase;
			buildActionMask = 2147483647;
			files = (
			);
			inputFileListPaths = (
			);
			inputPaths = (
				"${PODS_PODFILE_DIR_PATH}/Podfile.lock",
				"${PODS_ROOT}/Manifest.lock",
			);
			name = "[CP] Check Pods Manifest.lock";
			outputFileListPaths = (
			);
			outputPaths = (
				"$(DERIVED_FILE_DIR)/Pods-Shortys-checkManifestLockResult.txt",
			);
			runOnlyForDeploymentPostprocessing = 0;
			shellPath = /bin/sh;
			shellScript = "diff \"${PODS_PODFILE_DIR_PATH}/Podfile.lock\" \"${PODS_ROOT}/Manifest.lock\" > /dev/null\nif [ $? != 0 ] ; then\n    # print error to STDERR\n    echo \"error: The sandbox is not in sync with the Podfile.lock. Run 'pod install' or update your CocoaPods installation.\" >&2\n    exit 1\nfi\n# This output is used by Xcode 'outputs' to avoid re-running this script phase.\necho \"SUCCESS\" > \"${SCRIPT_OUTPUT_FILE_0}\"\n";
			showEnvVarsInLog = 0;
		};
		F9AFD91192BCD222CCDF95B5 /* [CP] Embed Pods Frameworks */ = {
			isa = PBXShellScriptBuildPhase;
			buildActionMask = 2147483647;
			files = (
			);
			inputFileListPaths = (
				"${PODS_ROOT}/Target Support Files/Pods-Shortys/Pods-Shortys-frameworks-${CONFIGURATION}-input-files.xcfilelist",
			);
			name = "[CP] Embed Pods Frameworks";
			outputFileListPaths = (
				"${PODS_ROOT}/Target Support Files/Pods-Shortys/Pods-Shortys-frameworks-${CONFIGURATION}-output-files.xcfilelist",
			);
			runOnlyForDeploymentPostprocessing = 0;
			shellPath = /bin/sh;
			shellScript = "\"${PODS_ROOT}/Target Support Files/Pods-Shortys/Pods-Shortys-frameworks.sh\"\n";
			showEnvVarsInLog = 0;
		};
/* End PBXShellScriptBuildPhase section */

/* Begin PBXSourcesBuildPhase section */
		CEAF639A2773627200CFF462 /* Sources */ = {
			isa = PBXSourcesBuildPhase;
			buildActionMask = 2147483647;
			files = (
				CEAF63BC2773B1E000CFF462 /* Endpoint.swift in Sources */,
				CEAF63BA2773B1D100CFF462 /* NetworkConstants.swift in Sources */,
				CEAF63C32773BEFA00CFF462 /* NetworkManager.swift in Sources */,
				CEAF63B72773B11200CFF462 /* ErrorResponse.swift in Sources */,
				CEAF63B22773B02100CFF462 /* BaseAPI.swift in Sources */,
				CEAF63C52773C0C800CFF462 /* ShorterLinkResponse.swift in Sources */,
				CEAF63BE2773B27C00CFF462 /* NetworkLayer.swift in Sources */,
				CEAF63A42773627200CFF462 /* ContentView.swift in Sources */,
				CEAF63C02773B82100CFF462 /* AuthType.swift in Sources */,
				CEAF63B42773B05A00CFF462 /* NetworkLayerProtocol.swift in Sources */,
				CEAF63A22773627200CFF462 /* ShortysApp.swift in Sources */,
			);
			runOnlyForDeploymentPostprocessing = 0;
		};
/* End PBXSourcesBuildPhase section */

/* Begin XCBuildConfiguration section */
		CEAF63AA2773627600CFF462 /* Debug */ = {
			isa = XCBuildConfiguration;
			buildSettings = {
				ALWAYS_SEARCH_USER_PATHS = NO;
				CLANG_ANALYZER_NONNULL = YES;
				CLANG_ANALYZER_NUMBER_OBJECT_CONVERSION = YES_AGGRESSIVE;
				CLANG_CXX_LANGUAGE_STANDARD = "gnu++17";
				CLANG_CXX_LIBRARY = "libc++";
				CLANG_ENABLE_MODULES = YES;
				CLANG_ENABLE_OBJC_ARC = YES;
				CLANG_ENABLE_OBJC_WEAK = YES;
				CLANG_WARN_BLOCK_CAPTURE_AUTORELEASING = YES;
				CLANG_WARN_BOOL_CONVERSION = YES;
				CLANG_WARN_COMMA = YES;
				CLANG_WARN_CONSTANT_CONVERSION = YES;
				CLANG_WARN_DEPRECATED_OBJC_IMPLEMENTATIONS = YES;
				CLANG_WARN_DIRECT_OBJC_ISA_USAGE = YES_ERROR;
				CLANG_WARN_DOCUMENTATION_COMMENTS = YES;
				CLANG_WARN_EMPTY_BODY = YES;
				CLANG_WARN_ENUM_CONVERSION = YES;
				CLANG_WARN_INFINITE_RECURSION = YES;
				CLANG_WARN_INT_CONVERSION = YES;
				CLANG_WARN_NON_LITERAL_NULL_CONVERSION = YES;
				CLANG_WARN_OBJC_IMPLICIT_RETAIN_SELF = YES;
				CLANG_WARN_OBJC_LITERAL_CONVERSION = YES;
				CLANG_WARN_OBJC_ROOT_CLASS = YES_ERROR;
				CLANG_WARN_QUOTED_INCLUDE_IN_FRAMEWORK_HEADER = YES;
				CLANG_WARN_RANGE_LOOP_ANALYSIS = YES;
				CLANG_WARN_STRICT_PROTOTYPES = YES;
				CLANG_WARN_SUSPICIOUS_MOVE = YES;
				CLANG_WARN_UNGUARDED_AVAILABILITY = YES_AGGRESSIVE;
				CLANG_WARN_UNREACHABLE_CODE = YES;
				CLANG_WARN__DUPLICATE_METHOD_MATCH = YES;
				COPY_PHASE_STRIP = NO;
				DEBUG_INFORMATION_FORMAT = dwarf;
				ENABLE_STRICT_OBJC_MSGSEND = YES;
				ENABLE_TESTABILITY = YES;
				GCC_C_LANGUAGE_STANDARD = gnu11;
				GCC_DYNAMIC_NO_PIC = NO;
				GCC_NO_COMMON_BLOCKS = YES;
				GCC_OPTIMIZATION_LEVEL = 0;
				GCC_PREPROCESSOR_DEFINITIONS = (
					"DEBUG=1",
					"$(inherited)",
				);
				GCC_WARN_64_TO_32_BIT_CONVERSION = YES;
				GCC_WARN_ABOUT_RETURN_TYPE = YES_ERROR;
				GCC_WARN_UNDECLARED_SELECTOR = YES;
				GCC_WARN_UNINITIALIZED_AUTOS = YES_AGGRESSIVE;
				GCC_WARN_UNUSED_FUNCTION = YES;
				GCC_WARN_UNUSED_VARIABLE = YES;
				IPHONEOS_DEPLOYMENT_TARGET = 15.0;
				MTL_ENABLE_DEBUG_INFO = INCLUDE_SOURCE;
				MTL_FAST_MATH = YES;
				ONLY_ACTIVE_ARCH = YES;
				SDKROOT = iphoneos;
				SWIFT_ACTIVE_COMPILATION_CONDITIONS = DEBUG;
				SWIFT_OPTIMIZATION_LEVEL = "-Onone";
			};
			name = Debug;
		};
		CEAF63AB2773627600CFF462 /* Release */ = {
			isa = XCBuildConfiguration;
			buildSettings = {
				ALWAYS_SEARCH_USER_PATHS = NO;
				CLANG_ANALYZER_NONNULL = YES;
				CLANG_ANALYZER_NUMBER_OBJECT_CONVERSION = YES_AGGRESSIVE;
				CLANG_CXX_LANGUAGE_STANDARD = "gnu++17";
				CLANG_CXX_LIBRARY = "libc++";
				CLANG_ENABLE_MODULES = YES;
				CLANG_ENABLE_OBJC_ARC = YES;
				CLANG_ENABLE_OBJC_WEAK = YES;
				CLANG_WARN_BLOCK_CAPTURE_AUTORELEASING = YES;
				CLANG_WARN_BOOL_CONVERSION = YES;
				CLANG_WARN_COMMA = YES;
				CLANG_WARN_CONSTANT_CONVERSION = YES;
				CLANG_WARN_DEPRECATED_OBJC_IMPLEMENTATIONS = YES;
				CLANG_WARN_DIRECT_OBJC_ISA_USAGE = YES_ERROR;
				CLANG_WARN_DOCUMENTATION_COMMENTS = YES;
				CLANG_WARN_EMPTY_BODY = YES;
				CLANG_WARN_ENUM_CONVERSION = YES;
				CLANG_WARN_INFINITE_RECURSION = YES;
				CLANG_WARN_INT_CONVERSION = YES;
				CLANG_WARN_NON_LITERAL_NULL_CONVERSION = YES;
				CLANG_WARN_OBJC_IMPLICIT_RETAIN_SELF = YES;
				CLANG_WARN_OBJC_LITERAL_CONVERSION = YES;
				CLANG_WARN_OBJC_ROOT_CLASS = YES_ERROR;
				CLANG_WARN_QUOTED_INCLUDE_IN_FRAMEWORK_HEADER = YES;
				CLANG_WARN_RANGE_LOOP_ANALYSIS = YES;
				CLANG_WARN_STRICT_PROTOTYPES = YES;
				CLANG_WARN_SUSPICIOUS_MOVE = YES;
				CLANG_WARN_UNGUARDED_AVAILABILITY = YES_AGGRESSIVE;
				CLANG_WARN_UNREACHABLE_CODE = YES;
				CLANG_WARN__DUPLICATE_METHOD_MATCH = YES;
				COPY_PHASE_STRIP = NO;
				DEBUG_INFORMATION_FORMAT = "dwarf-with-dsym";
				ENABLE_NS_ASSERTIONS = NO;
				ENABLE_STRICT_OBJC_MSGSEND = YES;
				GCC_C_LANGUAGE_STANDARD = gnu11;
				GCC_NO_COMMON_BLOCKS = YES;
				GCC_WARN_64_TO_32_BIT_CONVERSION = YES;
				GCC_WARN_ABOUT_RETURN_TYPE = YES_ERROR;
				GCC_WARN_UNDECLARED_SELECTOR = YES;
				GCC_WARN_UNINITIALIZED_AUTOS = YES_AGGRESSIVE;
				GCC_WARN_UNUSED_FUNCTION = YES;
				GCC_WARN_UNUSED_VARIABLE = YES;
				IPHONEOS_DEPLOYMENT_TARGET = 15.0;
				MTL_ENABLE_DEBUG_INFO = NO;
				MTL_FAST_MATH = YES;
				SDKROOT = iphoneos;
				SWIFT_COMPILATION_MODE = wholemodule;
				SWIFT_OPTIMIZATION_LEVEL = "-O";
				VALIDATE_PRODUCT = YES;
			};
			name = Release;
		};
		CEAF63AD2773627600CFF462 /* Debug */ = {
			isa = XCBuildConfiguration;
			baseConfigurationReference = 3A37096092822614EB5C00BC /* Pods-Shortys.debug.xcconfig */;
			buildSettings = {
				ASSETCATALOG_COMPILER_APPICON_NAME = AppIcon;
				ASSETCATALOG_COMPILER_GLOBAL_ACCENT_COLOR_NAME = AccentColor;
				CODE_SIGN_STYLE = Automatic;
				CURRENT_PROJECT_VERSION = 1;
				DEVELOPMENT_ASSET_PATHS = "\"Shortys/Preview Content\"";
				DEVELOPMENT_TEAM = FDQQ9JJ6SG;
				ENABLE_PREVIEWS = YES;
				GENERATE_INFOPLIST_FILE = YES;
				INFOPLIST_FILE = Shortys/Info.plist;
				INFOPLIST_KEY_UIApplicationSceneManifest_Generation = YES;
				INFOPLIST_KEY_UIApplicationSupportsIndirectInputEvents = YES;
				INFOPLIST_KEY_UILaunchScreen_Generation = YES;
				INFOPLIST_KEY_UISupportedInterfaceOrientations_iPad = "UIInterfaceOrientationPortrait UIInterfaceOrientationPortraitUpsideDown UIInterfaceOrientationLandscapeLeft UIInterfaceOrientationLandscapeRight";
				INFOPLIST_KEY_UISupportedInterfaceOrientations_iPhone = "UIInterfaceOrientationPortrait UIInterfaceOrientationLandscapeLeft UIInterfaceOrientationLandscapeRight";
				IPHONEOS_DEPLOYMENT_TARGET = 14.0;
				LD_RUNPATH_SEARCH_PATHS = (
					"$(inherited)",
					"@executable_path/Frameworks",
				);
				MARKETING_VERSION = 1.0;
				PRODUCT_BUNDLE_IDENTIFIER = olegben.Shortys;
				PRODUCT_NAME = "$(TARGET_NAME)";
				SWIFT_EMIT_LOC_STRINGS = YES;
				SWIFT_VERSION = 5.0;
				TARGETED_DEVICE_FAMILY = "1,2";
			};
			name = Debug;
		};
		CEAF63AE2773627600CFF462 /* Release */ = {
			isa = XCBuildConfiguration;
			baseConfigurationReference = E81B4D4D41270B6F7A14A9CD /* Pods-Shortys.release.xcconfig */;
			buildSettings = {
				ASSETCATALOG_COMPILER_APPICON_NAME = AppIcon;
				ASSETCATALOG_COMPILER_GLOBAL_ACCENT_COLOR_NAME = AccentColor;
				CODE_SIGN_STYLE = Automatic;
				CURRENT_PROJECT_VERSION = 1;
				DEVELOPMENT_ASSET_PATHS = "\"Shortys/Preview Content\"";
				DEVELOPMENT_TEAM = FDQQ9JJ6SG;
				ENABLE_PREVIEWS = YES;
				GENERATE_INFOPLIST_FILE = YES;
				INFOPLIST_FILE = Shortys/Info.plist;
				INFOPLIST_KEY_UIApplicationSceneManifest_Generation = YES;
				INFOPLIST_KEY_UIApplicationSupportsIndirectInputEvents = YES;
				INFOPLIST_KEY_UILaunchScreen_Generation = YES;
				INFOPLIST_KEY_UISupportedInterfaceOrientations_iPad = "UIInterfaceOrientationPortrait UIInterfaceOrientationPortraitUpsideDown UIInterfaceOrientationLandscapeLeft UIInterfaceOrientationLandscapeRight";
				INFOPLIST_KEY_UISupportedInterfaceOrientations_iPhone = "UIInterfaceOrientationPortrait UIInterfaceOrientationLandscapeLeft UIInterfaceOrientationLandscapeRight";
				IPHONEOS_DEPLOYMENT_TARGET = 14.0;
				LD_RUNPATH_SEARCH_PATHS = (
					"$(inherited)",
					"@executable_path/Frameworks",
				);
				MARKETING_VERSION = 1.0;
				PRODUCT_BUNDLE_IDENTIFIER = olegben.Shortys;
				PRODUCT_NAME = "$(TARGET_NAME)";
				SWIFT_EMIT_LOC_STRINGS = YES;
				SWIFT_VERSION = 5.0;
				TARGETED_DEVICE_FAMILY = "1,2";
			};
			name = Release;
		};
/* End XCBuildConfiguration section */

/* Begin XCConfigurationList section */
		CEAF63992773627200CFF462 /* Build configuration list for PBXProject "Shortys" */ = {
			isa = XCConfigurationList;
			buildConfigurations = (
				CEAF63AA2773627600CFF462 /* Debug */,
				CEAF63AB2773627600CFF462 /* Release */,
			);
			defaultConfigurationIsVisible = 0;
			defaultConfigurationName = Release;
		};
		CEAF63AC2773627600CFF462 /* Build configuration list for PBXNativeTarget "Shortys" */ = {
			isa = XCConfigurationList;
			buildConfigurations = (
				CEAF63AD2773627600CFF462 /* Debug */,
				CEAF63AE2773627600CFF462 /* Release */,
			);
			defaultConfigurationIsVisible = 0;
			defaultConfigurationName = Release;
		};
/* End XCConfigurationList section */
	};
	rootObject = CEAF63962773627200CFF462 /* Project object */;
}
